
Microsoft Visual Studio Solution File, Format Version 12.00
# Visual Studio Version 17
VisualStudioVersion = 17.8.34511.84
MinimumVisualStudioVersion = 10.0.40219.1
Project("{FAE04EC0-301F-11D3-BF4B-00C04F79EFBC}") = "Calculadora", "Calculadora\Calculadora.csproj", "{0224C20C-A50D-4CBA-A49E-A69BD17EA57B}"
EndProject
Global
	GlobalSection(SolutionConfigurationPlatforms) = preSolution
		Debug|Any CPU = Debug|Any CPU
		Release|Any CPU = Release|Any CPU
	EndGlobalSection
	GlobalSection(ProjectConfigurationPlatforms) = postSolution
		{0224C20C-A50D-4CBA-A49E-A69BD17EA57B}.Debug|Any CPU.ActiveCfg = Debug|Any CPU
		{0224C20C-A50D-4CBA-A49E-A69BD17EA57B}.Debug|Any CPU.Build.0 = Debug|Any CPU
		{0224C20C-A50D-4CBA-A49E-A69BD17EA57B}.Release|Any CPU.ActiveCfg = Release|Any CPU
		{0224C20C-A50D-4CBA-A49E-A69BD17EA57B}.Release|Any CPU.Build.0 = Release|Any CPU
	EndGlobalSection
	GlobalSection(SolutionProperties) = preSolution
		HideSolutionNode = FALSE
	EndGlobalSection
	GlobalSection(ExtensibilityGlobals) = postSolution
		SolutionGuid = {64D0A820-D2C9-4341-9619-1F51A4AC6A15}
	EndGlobalSection
EndGlobal
